
Microsoft Visual Studio Solution File, Format Version 12.00
# Visual Studio Version 16
VisualStudioVersion = 16.0.30011.22
MinimumVisualStudioVersion = 10.0.40219.1
Project("{8BC9CEB8-8B4A-11D0-8D11-00A0C91BC942}") = "ArcWelder", "ArcWelder\ArcWelder.vcxproj", "{1A4DBAB1-BB42-4DB1-B168-F113784EFCEF}"
EndProject
Project("{8BC9CEB8-8B4A-11D0-8D11-00A0C91BC942}") = "GcodeProcessorLib", "GcodeProcessorLib\GcodeProcessorLib.vcxproj", "{31478BAE-104B-4CC3-9876-42FA90CBD5FE}"
EndProject
Project("{8BC9CEB8-8B4A-11D0-8D11-00A0C91BC942}") = "PyArcWelder", "PyArcWelder\PyArcWelder.vcxproj", "{DB476DBA-77D5-40A7-ADAB-D9901F32B270}"
EndProject
Project("{8BC9CEB8-8B4A-11D0-8D11-00A0C91BC942}") = "ArcWelderConsole", "ArcWelderConsole\ArcWelderConsole.vcxproj", "{F4910B67-FE16-40EA-9BD5-91017C569B0D}"
EndProject
Project("{8BC9CEB8-8B4A-11D0-8D11-00A0C91BC942}") = "ArcWelderInverseProcessor", "ArcWelderInverseProcessor\ArcWelderInverseProcessor.vcxproj", "{9C40BB30-5186-4181-94D6-AC8DFE361A5A}"
EndProject
Project("{8BC9CEB8-8B4A-11D0-8D11-00A0C91BC942}") = "ArcWelderTest", "ArcWelderTest\ArcWelderTest.vcxproj", "{18D7E538-6ACE-44E4-B83E-31C3E44D4227}"
EndProject
Project("{2150E333-8FDC-42A3-9474-1A3956D46DE8}") = "Solution Items", "Solution Items", "{4B744529-B248-475D-AE0D-0B5E1617837F}"
	ProjectSection(SolutionItems) = preProject
		.gitattributes = .gitattributes
		.gitignore = .gitignore
		CMakeLists.txt = CMakeLists.txt
		README.md = README.md
		sourcelist.cmake = sourcelist.cmake
	EndProjectSection
EndProject
Project("{2150E333-8FDC-42A3-9474-1A3956D46DE8}") = ".github", ".github", "{704AE839-EEF5-4277-900D-91FA4DBB17EB}"
EndProject
Project("{2150E333-8FDC-42A3-9474-1A3956D46DE8}") = "workflows", "workflows", "{87F36EEF-E3D6-4B1D-815C-DEEB369BAB98}"
	ProjectSection(SolutionItems) = preProject
		.github\workflows\ccpp.yml = .github\workflows\ccpp.yml
	EndProjectSection
EndProject
Project("{8BC9CEB8-8B4A-11D0-8D11-00A0C91BC942}") = "TCLAP", "TCLAP\TCLAP.vcxproj", "{38302600-81A7-45BB-A199-3360D6594365}"
EndProject
Global
	GlobalSection(SolutionConfigurationPlatforms) = preSolution
		Debug|ARM = Debug|ARM
		Debug|x64 = Debug|x64
		Debug|x86 = Debug|x86
		Release|ARM = Release|ARM
		Release|x64 = Release|x64
		Release|x86 = Release|x86
		Remote_Pi|ARM = Remote_Pi|ARM
		Remote_Pi|x64 = Remote_Pi|x64
		Remote_Pi|x86 = Remote_Pi|x86
	EndGlobalSection
	GlobalSection(ProjectConfigurationPlatforms) = postSolution
		{1A4DBAB1-BB42-4DB1-B168-F113784EFCEF}.Debug|ARM.ActiveCfg = Debug|ARM
		{1A4DBAB1-BB42-4DB1-B168-F113784EFCEF}.Debug|ARM.Build.0 = Debug|ARM
		{1A4DBAB1-BB42-4DB1-B168-F113784EFCEF}.Debug|x64.ActiveCfg = Debug|x64
		{1A4DBAB1-BB42-4DB1-B168-F113784EFCEF}.Debug|x64.Build.0 = Debug|x64
		{1A4DBAB1-BB42-4DB1-B168-F113784EFCEF}.Debug|x86.ActiveCfg = Debug|Win32
		{1A4DBAB1-BB42-4DB1-B168-F113784EFCEF}.Debug|x86.Build.0 = Debug|Win32
		{1A4DBAB1-BB42-4DB1-B168-F113784EFCEF}.Release|ARM.ActiveCfg = Release|ARM
		{1A4DBAB1-BB42-4DB1-B168-F113784EFCEF}.Release|ARM.Build.0 = Release|ARM
		{1A4DBAB1-BB42-4DB1-B168-F113784EFCEF}.Release|x64.ActiveCfg = Release|x64
		{1A4DBAB1-BB42-4DB1-B168-F113784EFCEF}.Release|x64.Build.0 = Release|x64
		{1A4DBAB1-BB42-4DB1-B168-F113784EFCEF}.Release|x86.ActiveCfg = Release|Win32
		{1A4DBAB1-BB42-4DB1-B168-F113784EFCEF}.Release|x86.Build.0 = Release|Win32
		{1A4DBAB1-BB42-4DB1-B168-F113784EFCEF}.Remote_Pi|ARM.ActiveCfg = Remote_Pi|ARM
		{1A4DBAB1-BB42-4DB1-B168-F113784EFCEF}.Remote_Pi|ARM.Build.0 = Remote_Pi|ARM
		{1A4DBAB1-BB42-4DB1-B168-F113784EFCEF}.Remote_Pi|x64.ActiveCfg = Remote_Pi|x64
		{1A4DBAB1-BB42-4DB1-B168-F113784EFCEF}.Remote_Pi|x64.Build.0 = Remote_Pi|x64
		{1A4DBAB1-BB42-4DB1-B168-F113784EFCEF}.Remote_Pi|x86.ActiveCfg = Remote_Pi|Win32
		{1A4DBAB1-BB42-4DB1-B168-F113784EFCEF}.Remote_Pi|x86.Build.0 = Remote_Pi|Win32
		{31478BAE-104B-4CC3-9876-42FA90CBD5FE}.Debug|ARM.ActiveCfg = Debug|Win32
		{31478BAE-104B-4CC3-9876-42FA90CBD5FE}.Debug|x64.ActiveCfg = Debug|x64
		{31478BAE-104B-4CC3-9876-42FA90CBD5FE}.Debug|x64.Build.0 = Debug|x64
		{31478BAE-104B-4CC3-9876-42FA90CBD5FE}.Debug|x86.ActiveCfg = Debug|Win32
		{31478BAE-104B-4CC3-9876-42FA90CBD5FE}.Debug|x86.Build.0 = Debug|Win32
		{31478BAE-104B-4CC3-9876-42FA90CBD5FE}.Release|ARM.ActiveCfg = Release|Win32
		{31478BAE-104B-4CC3-9876-42FA90CBD5FE}.Release|x64.ActiveCfg = Release|x64
		{31478BAE-104B-4CC3-9876-42FA90CBD5FE}.Release|x64.Build.0 = Release|x64
		{31478BAE-104B-4CC3-9876-42FA90CBD5FE}.Release|x86.ActiveCfg = Release|Win32
		{31478BAE-104B-4CC3-9876-42FA90CBD5FE}.Release|x86.Build.0 = Release|Win32
		{31478BAE-104B-4CC3-9876-42FA90CBD5FE}.Remote_Pi|ARM.ActiveCfg = Remote_Pi|Win32
		{31478BAE-104B-4CC3-9876-42FA90CBD5FE}.Remote_Pi|x64.ActiveCfg = Remote_Pi|x64
		{31478BAE-104B-4CC3-9876-42FA90CBD5FE}.Remote_Pi|x64.Build.0 = Remote_Pi|x64
		{31478BAE-104B-4CC3-9876-42FA90CBD5FE}.Remote_Pi|x86.ActiveCfg = Remote_Pi|Win32
		{31478BAE-104B-4CC3-9876-42FA90CBD5FE}.Remote_Pi|x86.Build.0 = Remote_Pi|Win32
		{DB476DBA-77D5-40A7-ADAB-D9901F32B270}.Debug|ARM.ActiveCfg = Debug|Win32
		{DB476DBA-77D5-40A7-ADAB-D9901F32B270}.Debug|x64.ActiveCfg = Debug|x64
		{DB476DBA-77D5-40A7-ADAB-D9901F32B270}.Debug|x64.Build.0 = Debug|x64
		{DB476DBA-77D5-40A7-ADAB-D9901F32B270}.Debug|x86.ActiveCfg = Debug|Win32
		{DB476DBA-77D5-40A7-ADAB-D9901F32B270}.Debug|x86.Build.0 = Debug|Win32
		{DB476DBA-77D5-40A7-ADAB-D9901F32B270}.Release|ARM.ActiveCfg = Release|Win32
		{DB476DBA-77D5-40A7-ADAB-D9901F32B270}.Release|x64.ActiveCfg = Release|x64
		{DB476DBA-77D5-40A7-ADAB-D9901F32B270}.Release|x64.Build.0 = Release|x64
		{DB476DBA-77D5-40A7-ADAB-D9901F32B270}.Release|x86.ActiveCfg = Release|Win32
		{DB476DBA-77D5-40A7-ADAB-D9901F32B270}.Release|x86.Build.0 = Release|Win32
		{DB476DBA-77D5-40A7-ADAB-D9901F32B270}.Remote_Pi|ARM.ActiveCfg = Remote_Pi|Win32
		{DB476DBA-77D5-40A7-ADAB-D9901F32B270}.Remote_Pi|x64.ActiveCfg = Remote_Pi|x64
		{DB476DBA-77D5-40A7-ADAB-D9901F32B270}.Remote_Pi|x64.Build.0 = Remote_Pi|x64
		{DB476DBA-77D5-40A7-ADAB-D9901F32B270}.Remote_Pi|x86.ActiveCfg = Remote_Pi|Win32
		{DB476DBA-77D5-40A7-ADAB-D9901F32B270}.Remote_Pi|x86.Build.0 = Remote_Pi|Win32
		{F4910B67-FE16-40EA-9BD5-91017C569B0D}.Debug|ARM.ActiveCfg = Debug|Win32
		{F4910B67-FE16-40EA-9BD5-91017C569B0D}.Debug|x64.ActiveCfg = Debug|x64
		{F4910B67-FE16-40EA-9BD5-91017C569B0D}.Debug|x64.Build.0 = Debug|x64
		{F4910B67-FE16-40EA-9BD5-91017C569B0D}.Debug|x86.ActiveCfg = Debug|Win32
		{F4910B67-FE16-40EA-9BD5-91017C569B0D}.Debug|x86.Build.0 = Debug|Win32
		{F4910B67-FE16-40EA-9BD5-91017C569B0D}.Release|ARM.ActiveCfg = Release|Win32
		{F4910B67-FE16-40EA-9BD5-91017C569B0D}.Release|x64.ActiveCfg = Release|x64
		{F4910B67-FE16-40EA-9BD5-91017C569B0D}.Release|x64.Build.0 = Release|x64
		{F4910B67-FE16-40EA-9BD5-91017C569B0D}.Release|x86.ActiveCfg = Release|Win32
		{F4910B67-FE16-40EA-9BD5-91017C569B0D}.Release|x86.Build.0 = Release|Win32
		{F4910B67-FE16-40EA-9BD5-91017C569B0D}.Remote_Pi|ARM.ActiveCfg = Remote_Pi|Win32
		{F4910B67-FE16-40EA-9BD5-91017C569B0D}.Remote_Pi|x64.ActiveCfg = Remote_Pi|x64
		{F4910B67-FE16-40EA-9BD5-91017C569B0D}.Remote_Pi|x64.Build.0 = Remote_Pi|x64
		{F4910B67-FE16-40EA-9BD5-91017C569B0D}.Remote_Pi|x86.ActiveCfg = Remote_Pi|Win32
		{F4910B67-FE16-40EA-9BD5-91017C569B0D}.Remote_Pi|x86.Build.0 = Remote_Pi|Win32
		{9C40BB30-5186-4181-94D6-AC8DFE361A5A}.Debug|ARM.ActiveCfg = Debug|Win32
		{9C40BB30-5186-4181-94D6-AC8DFE361A5A}.Debug|x64.ActiveCfg = Debug|x64
		{9C40BB30-5186-4181-94D6-AC8DFE361A5A}.Debug|x64.Build.0 = Debug|x64
		{9C40BB30-5186-4181-94D6-AC8DFE361A5A}.Debug|x86.ActiveCfg = Debug|Win32
		{9C40BB30-5186-4181-94D6-AC8DFE361A5A}.Debug|x86.Build.0 = Debug|Win32
		{9C40BB30-5186-4181-94D6-AC8DFE361A5A}.Release|ARM.ActiveCfg = Release|Win32
		{9C40BB30-5186-4181-94D6-AC8DFE361A5A}.Release|x64.ActiveCfg = Release|x64
		{9C40BB30-5186-4181-94D6-AC8DFE361A5A}.Release|x64.Build.0 = Release|x64
		{9C40BB30-5186-4181-94D6-AC8DFE361A5A}.Release|x86.ActiveCfg = Release|Win32
		{9C40BB30-5186-4181-94D6-AC8DFE361A5A}.Release|x86.Build.0 = Release|Win32
		{9C40BB30-5186-4181-94D6-AC8DFE361A5A}.Remote_Pi|ARM.ActiveCfg = Remote_Pi|Win32
		{9C40BB30-5186-4181-94D6-AC8DFE361A5A}.Remote_Pi|x64.ActiveCfg = Remote_Pi|x64
		{9C40BB30-5186-4181-94D6-AC8DFE361A5A}.Remote_Pi|x64.Build.0 = Remote_Pi|x64
		{9C40BB30-5186-4181-94D6-AC8DFE361A5A}.Remote_Pi|x86.ActiveCfg = Remote_Pi|Win32
		{9C40BB30-5186-4181-94D6-AC8DFE361A5A}.Remote_Pi|x86.Build.0 = Remote_Pi|Win32
		{18D7E538-6ACE-44E4-B83E-31C3E44D4227}.Debug|ARM.ActiveCfg = Debug|Win32
		{18D7E538-6ACE-44E4-B83E-31C3E44D4227}.Debug|x64.ActiveCfg = Debug|x64
		{18D7E538-6ACE-44E4-B83E-31C3E44D4227}.Debug|x64.Build.0 = Debug|x64
		{18D7E538-6ACE-44E4-B83E-31C3E44D4227}.Debug|x86.ActiveCfg = Debug|Win32
		{18D7E538-6ACE-44E4-B83E-31C3E44D4227}.Debug|x86.Build.0 = Debug|Win32
		{18D7E538-6ACE-44E4-B83E-31C3E44D4227}.Release|ARM.ActiveCfg = Release|Win32
		{18D7E538-6ACE-44E4-B83E-31C3E44D4227}.Release|x64.ActiveCfg = Release|x64
		{18D7E538-6ACE-44E4-B83E-31C3E44D4227}.Release|x64.Build.0 = Release|x64
		{18D7E538-6ACE-44E4-B83E-31C3E44D4227}.Release|x86.ActiveCfg = Release|Win32
		{18D7E538-6ACE-44E4-B83E-31C3E44D4227}.Release|x86.Build.0 = Release|Win32
		{18D7E538-6ACE-44E4-B83E-31C3E44D4227}.Remote_Pi|ARM.ActiveCfg = Remote_Pi|Win32
		{18D7E538-6ACE-44E4-B83E-31C3E44D4227}.Remote_Pi|x64.ActiveCfg = Remote_Pi|x64
		{18D7E538-6ACE-44E4-B83E-31C3E44D4227}.Remote_Pi|x64.Build.0 = Remote_Pi|x64
		{18D7E538-6ACE-44E4-B83E-31C3E44D4227}.Remote_Pi|x86.ActiveCfg = Remote_Pi|Win32
		{18D7E538-6ACE-44E4-B83E-31C3E44D4227}.Remote_Pi|x86.Build.0 = Remote_Pi|Win32
		{38302600-81A7-45BB-A199-3360D6594365}.Debug|ARM.ActiveCfg = Debug|Win32
		{38302600-81A7-45BB-A199-3360D6594365}.Debug|x64.ActiveCfg = Debug|x64
		{38302600-81A7-45BB-A199-3360D6594365}.Debug|x64.Build.0 = Debug|x64
		{38302600-81A7-45BB-A199-3360D6594365}.Debug|x86.ActiveCfg = Debug|Win32
		{38302600-81A7-45BB-A199-3360D6594365}.Debug|x86.Build.0 = Debug|Win32
		{38302600-81A7-45BB-A199-3360D6594365}.Release|ARM.ActiveCfg = Release|Win32
		{38302600-81A7-45BB-A199-3360D6594365}.Release|x64.ActiveCfg = Release|x64
		{38302600-81A7-45BB-A199-3360D6594365}.Release|x64.Build.0 = Release|x64
		{38302600-81A7-45BB-A199-3360D6594365}.Release|x86.ActiveCfg = Release|Win32
		{38302600-81A7-45BB-A199-3360D6594365}.Release|x86.Build.0 = Release|Win32
		{38302600-81A7-45BB-A199-3360D6594365}.Remote_Pi|ARM.ActiveCfg = Remote_Pi|Win32
		{38302600-81A7-45BB-A199-3360D6594365}.Remote_Pi|x64.ActiveCfg = Remote_Pi|x64
		{38302600-81A7-45BB-A199-3360D6594365}.Remote_Pi|x64.Build.0 = Remote_Pi|x64
		{38302600-81A7-45BB-A199-3360D6594365}.Remote_Pi|x86.ActiveCfg = Remote_Pi|Win32
		{38302600-81A7-45BB-A199-3360D6594365}.Remote_Pi|x86.Build.0 = Remote_Pi|Win32
	EndGlobalSection
	GlobalSection(SolutionProperties) = preSolution
		HideSolutionNode = FALSE
	EndGlobalSection
	GlobalSection(NestedProjects) = preSolution
		{87F36EEF-E3D6-4B1D-815C-DEEB369BAB98} = {704AE839-EEF5-4277-900D-91FA4DBB17EB}
	EndGlobalSection
	GlobalSection(ExtensibilityGlobals) = postSolution
		SolutionGuid = {46059DE8-A2F4-453F-9F33-F12ABC8010EF}
	EndGlobalSection
EndGlobal
